
Microsoft Visual Studio Solution File, Format Version 12.00
# Visual Studio 15
VisualStudioVersion = 15.0.28307.421
MinimumVisualStudioVersion = 10.0.40219.1
Project("{FAE04EC0-301F-11D3-BF4B-00C04F79EFBC}") = "ViewTool", "ViewTool\ViewTool.csproj", "{817A62AD-5DCA-4D32-A3B8-D0FC1489BE3E}"
EndProject
Project("{2150E333-8FDC-42A3-9474-1A3956D46DE8}") = "Solution Items", "Solution Items", "{CB4EB613-A9B3-4F5A-8293-42BFC7C7FB13}"
	ProjectSection(SolutionItems) = preProject
		TODO.txt = TODO.txt
	EndProjectSection
EndProject
Global
	GlobalSection(SolutionConfigurationPlatforms) = preSolution
		Debug|Any CPU = Debug|Any CPU
		Release|Any CPU = Release|Any CPU
	EndGlobalSection
	GlobalSection(ProjectConfigurationPlatforms) = postSolution
		{817A62AD-5DCA-4D32-A3B8-D0FC1489BE3E}.Debug|Any CPU.ActiveCfg = Debug|Any CPU
		{817A62AD-5DCA-4D32-A3B8-D0FC1489BE3E}.Debug|Any CPU.Build.0 = Debug|Any CPU
		{817A62AD-5DCA-4D32-A3B8-D0FC1489BE3E}.Release|Any CPU.ActiveCfg = Release|Any CPU
		{817A62AD-5DCA-4D32-A3B8-D0FC1489BE3E}.Release|Any CPU.Build.0 = Release|Any CPU
	EndGlobalSection
	GlobalSection(SolutionProperties) = preSolution
		HideSolutionNode = FALSE
	EndGlobalSection
	GlobalSection(ExtensibilityGlobals) = postSolution
		SolutionGuid = {C937929A-A05C-4AA5-9399-1E925F8E27F9}
	EndGlobalSection
EndGlobal
